{
  "name": "disclone",
  "version": "1.0.0",
  "lockfileVersion": 1,
  "requires": true,
  "dependencies": {
    "babel-core": {
      "version": "6.25.0",
      "resolved": "https://registry.npmjs.org/babel-core/-/babel-core-6.25.0.tgz",
      "integrity": "sha1-fdQrBGPHQunVKW3rPsZ6kyLa1yk="
    },
    "babel-loader": {
      "version": "7.0.0",
      "resolved": "https://registry.npmjs.org/babel-loader/-/babel-loader-7.0.0.tgz",
      "integrity": "sha1-LkOma+4f/0RwUz0EAsikUy+vuvc="
    },
    "babel-preset-es2015": {
      "version": "6.24.1",
      "resolved": "https://registry.npmjs.org/babel-preset-es2015/-/babel-preset-es2015-6.24.1.tgz",
      "integrity": "sha1-1EBQ1rwsn+6nAqrzjXJ6AhBTiTk="
    },
    "babel-preset-react": {
      "version": "6.24.1",
      "resolved": "https://registry.npmjs.org/babel-preset-react/-/babel-preset-react-6.24.1.tgz",
      "integrity": "sha1-umnfrqRfw+xjm2pOzqbhdwLJE4A="
    },
    "lodash": {
      "version": "4.17.4",
      "resolved": "https://registry.npmjs.org/lodash/-/lodash-4.17.4.tgz",
      "integrity": "sha1-eCA6TRwyiuHYbcpkYONptX9AVa4="
    },
    "moment": {
      "version": "2.29.2",
      "resolved": "https://registry.npmjs.org/moment/-/moment-2.29.2.tgz",
      "integrity": "sha512-UgzG4rvxYpN15jgCmVJwac49h9ly9NurikMWGPdVxm8GZD6XjkKPxDTjQQ43gtGgnV3X0cAyWDdP2Wexoquifg=="
    },
    "pusher-js": {
      "version": "4.1.0",
      "resolved": "https://registry.npmjs.org/pusher-js/-/pusher-js-4.1.0.tgz",
      "integrity": "sha1-UpeXPek1mUumXCBIzPO4wAckc0E="
    },
    "react": {
      "version": "15.6.1",
      "resolved": "https://registry.npmjs.org/react/-/react-15.6.1.tgz",
      "integrity": "sha1-uqhDTsZ4C96ZfNw4C3nNM7ljk98="
    },
    "react-dom": {
      "version": "15.6.1",
      "resolved": "https://registry.npmjs.org/react-dom/-/react-dom-15.6.1.tgz",
      "integrity": "sha1-LLDtQZEDjlPCCes6eaI+Kkz5lHA="
    },
    "react-modal": {
      "version": "2.0.6",
      "resolved": "https://registry.npmjs.org/react-modal/-/react-modal-2.0.6.tgz",
      "integrity": "sha512-qfJZ2VM8VP2PMMfszi81jD5RmNluyYu6SGtobUNEILofXrP/FrpR5MZQBDWxv8XR0YS/5/F7mjVnht0lfYYcpA=="
    },
    "react-redux": {
      "version": "5.0.5",
      "resolved": "https://registry.npmjs.org/react-redux/-/react-redux-5.0.5.tgz",
      "integrity": "sha1-+OjHsjlCJXblLWt9sGQ5RpvphGo="
    },
    "react-router": {
      "version": "4.1.1",
      "resolved": "https://registry.npmjs.org/react-router/-/react-router-4.1.1.tgz",
      "integrity": "sha1-1Ejzt8G0Kab7sDOVCZlJxgax/pU="
    },
    "react-router-dom": {
      "version": "4.1.1",
      "resolved": "https://registry.npmjs.org/react-router-dom/-/react-router-dom-4.1.1.tgz",
      "integrity": "sha1-MCGt4fLBYK+Xz5TiVZTF8pRYMCU="
    },
    "react-skylight": {
      "version": "0.4.2",
      "resolved": "https://registry.npmjs.org/react-skylight/-/react-skylight-0.4.2.tgz",
      "integrity": "sha1-k5uJcnBczTn9oxhuNHCAEOCxzxc="
    },
    "redux": {
      "version": "3.7.0",
      "resolved": "https://registry.npmjs.org/redux/-/redux-3.7.0.tgz",
      "integrity": "sha512-GHjaOkEQtQnnuLoYPFkRKHIqs1i1tdTlisu/xUHfk2juzCobSy4STxs4Lz5bPkc07Owb6BeGKx/r76c9IVTkOw=="
    },
    "redux-logger": {
      "version": "3.0.6",
      "resolved": "https://registry.npmjs.org/redux-logger/-/redux-logger-3.0.6.tgz",
      "integrity": "sha1-91VZZvMJjzyIYExEnPC69XeCdL8=",
      "dev": true
    },
    "redux-thunk": {
      "version": "2.2.0",
      "resolved": "https://registry.npmjs.org/redux-thunk/-/redux-thunk-2.2.0.tgz",
      "integrity": "sha1-5hWhbha0ehmlFXZhM9Hj6Zt4UuU="
    },
    "uglify-js": {
      "version": "3.0.25",
      "resolved": "https://registry.npmjs.org/uglify-js/-/uglify-js-3.0.25.tgz",
      "integrity": "sha512-JO1XE0WZ9m6UpDkN7WCyPNAWI6EN3K0g40ekcoJKejViYmryJ0BaLxXjvra1IsAeIlJfq72scTbhl0jknsT2GA=="
    },
    "uglifyjs": {
      "version": "2.4.11",
      "resolved": "https://registry.npmjs.org/uglifyjs/-/uglifyjs-2.4.11.tgz",
      "integrity": "sha1-NEDWTgRXWViVJEGOtkHGi7kNET4="
    },
    "uglifyjs-webpack-plugin": {
      "version": "0.4.6",
      "resolved": "https://registry.npmjs.org/uglifyjs-webpack-plugin/-/uglifyjs-webpack-plugin-0.4.6.tgz",
      "integrity": "sha1-uVH0q7a9YX5m9j64kUmOORdj4wk=",
      "dependencies": {
        "camelcase": {
          "version": "1.2.1",
          "resolved": "https://registry.npmjs.org/camelcase/-/camelcase-1.2.1.tgz",
          "integrity": "sha1-m7UwTS4LVmmLLHWLCKPqqdqlijk="
        },
        "cliui": {
          "version": "2.1.0",
          "resolved": "https://registry.npmjs.org/cliui/-/cliui-2.1.0.tgz",
          "integrity": "sha1-S0dXYP+AJkx2LDoXGQMukcf+oNE="
        },
        "uglify-js": {
          "version": "2.8.29",
          "resolved": "https://registry.npmjs.org/uglify-js/-/uglify-js-2.8.29.tgz",
          "integrity": "sha1-KcVzMUgFe7Th913zW3qcty5qWd0="
        },
        "yargs": {
          "version": "3.10.0",
          "resolved": "https://registry.npmjs.org/yargs/-/yargs-3.10.0.tgz",
          "integrity": "sha1-9+572FfdfB0tOMDnTvvWgdFDH9E="
        }
      }
    },
    "webpack": {
      "version": "3.0.0",
      "resolved": "https://registry.npmjs.org/webpack/-/webpack-3.0.0.tgz",
      "integrity": "sha1-7pvOvyEkf3FTy0EBaMq0XjpZ1Nc=",
      "dependencies": {
        "supports-color": {
          "version": "3.2.3",
          "resolved": "https://registry.npmjs.org/supports-color/-/supports-color-3.2.3.tgz",
          "integrity": "sha1-ZawFBLOVQXHYpklGsq48u4pfVPY="
        }
      }
    }
  }
}
